// !$*UTF8*$!
{
	archiveVersion = 1;
	classes = {
	};
	objectVersion = 56;
	objects = {

/* Begin PBXBuildFile section */
		D98C49882C25A63E0010CA2D /* TechRviveApp.swift in Sources */ = {isa = PBXBuildFile; fileRef = D98C49872C25A63E0010CA2D /* TechRviveApp.swift */; };
		D98C498C2C25A6400010CA2D /* Assets.xcassets in Resources */ = {isa = PBXBuildFile; fileRef = D98C498B2C25A6400010CA2D /* Assets.xcassets */; };
		D98C498F2C25A6400010CA2D /* Preview Assets.xcassets in Resources */ = {isa = PBXBuildFile; fileRef = D98C498E2C25A6400010CA2D /* Preview Assets.xcassets */; };
		E3261F052C25DC0B0039DEA5 /* .gitattributes in Resources */ = {isa = PBXBuildFile; fileRef = E3261F042C25DC0B0039DEA5 /* .gitattributes */; };
		E34D0B9B2C29B165004E14D9 /* MapView.swift in Sources */ = {isa = PBXBuildFile; fileRef = E34D0B9A2C29B165004E14D9 /* MapView.swift */; };
		E34D0B9F2C2AAE94004E14D9 /* InfoRepairmainView.swift in Sources */ = {isa = PBXBuildFile; fileRef = E34D0B9E2C2AAE94004E14D9 /* InfoRepairmainView.swift */; };
		E34D0BA12C2AB0DB004E14D9 /* ComponentElements.swift in Sources */ = {isa = PBXBuildFile; fileRef = E34D0BA02C2AB0DB004E14D9 /* ComponentElements.swift */; };
		E352C38F2C2B09D200587B0D /* ReparationScheduledListView.swift in Sources */ = {isa = PBXBuildFile; fileRef = E352C38E2C2B09D200587B0D /* ReparationScheduledListView.swift */; };
		E352C3912C2B0A3100587B0D /* Data.swift in Sources */ = {isa = PBXBuildFile; fileRef = E352C3902C2B0A3100587B0D /* Data.swift */; };
		E352C3942C2B0FB500587B0D /* Repairmen.swift in Sources */ = {isa = PBXBuildFile; fileRef = E352C3932C2B0FB500587B0D /* Repairmen.swift */; };
		E352C3962C2BFF7200587B0D /* SwiftUIViewTest.swift in Sources */ = {isa = PBXBuildFile; fileRef = E352C3952C2BFF7200587B0D /* SwiftUIViewTest.swift */; };
		E352C39B2C2D560B00587B0D /* AppointmentView.swift in Sources */ = {isa = PBXBuildFile; fileRef = E352C39A2C2D560B00587B0D /* AppointmentView.swift */; };
		E35983522C2DA9AD00F2A61C /* CategoriesView.swift in Sources */ = {isa = PBXBuildFile; fileRef = E35983512C2DA9AD00F2A61C /* CategoriesView.swift */; };
		E35983542C2DA9F900F2A61C /* DatePicker.swift in Sources */ = {isa = PBXBuildFile; fileRef = E35983532C2DA9F900F2A61C /* DatePicker.swift */; };
		E359835C2C2DB47900F2A61C /* EcoView.swift in Sources */ = {isa = PBXBuildFile; fileRef = E35983572C2DB47900F2A61C /* EcoView.swift */; };
		E359835D2C2DB47900F2A61C /* FavoriteView.swift in Sources */ = {isa = PBXBuildFile; fileRef = E35983582C2DB47900F2A61C /* FavoriteView.swift */; };
		E359835E2C2DB47900F2A61C /* ProfileView.swift in Sources */ = {isa = PBXBuildFile; fileRef = E35983592C2DB47900F2A61C /* ProfileView.swift */; };
		E359835F2C2DB47900F2A61C /* StatView.swift in Sources */ = {isa = PBXBuildFile; fileRef = E359835A2C2DB47900F2A61C /* StatView.swift */; };
		E35983642C2DB93500F2A61C /* ReparationListItemView.swift in Sources */ = {isa = PBXBuildFile; fileRef = E35983602C2DB93500F2A61C /* ReparationListItemView.swift */; };
		E35983652C2DB93500F2A61C /* ReparationView.swift in Sources */ = {isa = PBXBuildFile; fileRef = E35983612C2DB93500F2A61C /* ReparationView.swift */; };
		E3936E762C2E0C7400AEA85C /* ConfirmationView.swift in Sources */ = {isa = PBXBuildFile; fileRef = E3936E752C2E0C7400AEA85C /* ConfirmationView.swift */; };
		E3936E782C2E0C9C00AEA85C /* Text.swift in Sources */ = {isa = PBXBuildFile; fileRef = E3936E772C2E0C9C00AEA85C /* Text.swift */; };
		E3D12E152C25B27E00890AD3 /* Repairman.swift in Sources */ = {isa = PBXBuildFile; fileRef = E3D12E142C25B27E00890AD3 /* Repairman.swift */; };
		E3D12E172C25B38A00890AD3 /* User.swift in Sources */ = {isa = PBXBuildFile; fileRef = E3D12E162C25B38A00890AD3 /* User.swift */; };
		E3D12E192C25B4EE00890AD3 /* ProductRepairs.swift in Sources */ = {isa = PBXBuildFile; fileRef = E3D12E182C25B4EE00890AD3 /* ProductRepairs.swift */; };
		E3D12E1B2C25B64F00890AD3 /* RepairStatus.swift in Sources */ = {isa = PBXBuildFile; fileRef = E3D12E1A2C25B64F00890AD3 /* RepairStatus.swift */; };
		E3D12E1D2C25B72F00890AD3 /* TabBarModel.swift in Sources */ = {isa = PBXBuildFile; fileRef = E3D12E1C2C25B72F00890AD3 /* TabBarModel.swift */; };
		E3D12E1F2C25B7E700890AD3 /* ReparingCategory.swift in Sources */ = {isa = PBXBuildFile; fileRef = E3D12E1E2C25B7E700890AD3 /* ReparingCategory.swift */; };
		E3D12E212C25BB0400890AD3 /* ActionButton.swift in Sources */ = {isa = PBXBuildFile; fileRef = E3D12E202C25BB0400890AD3 /* ActionButton.swift */; };
		E3D12E2D2C25CE9E00890AD3 /* LandingPage.swift in Sources */ = {isa = PBXBuildFile; fileRef = E3D12E2C2C25CE9E00890AD3 /* LandingPage.swift */; };
/* End PBXBuildFile section */

/* Begin PBXFileReference section */
		D98C49842C25A63E0010CA2D /* TechRvive.app */ = {isa = PBXFileReference; explicitFileType = wrapper.application; includeInIndex = 0; path = TechRvive.app; sourceTree = BUILT_PRODUCTS_DIR; };
		D98C49872C25A63E0010CA2D /* TechRviveApp.swift */ = {isa = PBXFileReference; lastKnownFileType = sourcecode.swift; path = TechRviveApp.swift; sourceTree = "<group>"; };
		D98C498B2C25A6400010CA2D /* Assets.xcassets */ = {isa = PBXFileReference; lastKnownFileType = folder.assetcatalog; path = Assets.xcassets; sourceTree = "<group>"; };
		D98C498E2C25A6400010CA2D /* Preview Assets.xcassets */ = {isa = PBXFileReference; lastKnownFileType = folder.assetcatalog; path = "Preview Assets.xcassets"; sourceTree = "<group>"; };
		E3261F042C25DC0B0039DEA5 /* .gitattributes */ = {isa = PBXFileReference; lastKnownFileType = text; path = .gitattributes; sourceTree = "<group>"; };
		E34D0B9A2C29B165004E14D9 /* MapView.swift */ = {isa = PBXFileReference; lastKnownFileType = sourcecode.swift; path = MapView.swift; sourceTree = "<group>"; };
		E34D0B9E2C2AAE94004E14D9 /* InfoRepairmainView.swift */ = {isa = PBXFileReference; lastKnownFileType = sourcecode.swift; path = InfoRepairmainView.swift; sourceTree = "<group>"; };
		E34D0BA02C2AB0DB004E14D9 /* ComponentElements.swift */ = {isa = PBXFileReference; lastKnownFileType = sourcecode.swift; path = ComponentElements.swift; sourceTree = "<group>"; };
		E352C38E2C2B09D200587B0D /* ReparationScheduledListView.swift */ = {isa = PBXFileReference; fileEncoding = 4; lastKnownFileType = sourcecode.swift; path = ReparationScheduledListView.swift; sourceTree = "<group>"; };
		E352C3902C2B0A3100587B0D /* Data.swift */ = {isa = PBXFileReference; lastKnownFileType = sourcecode.swift; path = Data.swift; sourceTree = "<group>"; };
		E352C3932C2B0FB500587B0D /* Repairmen.swift */ = {isa = PBXFileReference; lastKnownFileType = sourcecode.swift; path = Repairmen.swift; sourceTree = "<group>"; };
		E352C3952C2BFF7200587B0D /* SwiftUIViewTest.swift */ = {isa = PBXFileReference; lastKnownFileType = sourcecode.swift; path = SwiftUIViewTest.swift; sourceTree = "<group>"; };
		E352C39A2C2D560B00587B0D /* AppointmentView.swift */ = {isa = PBXFileReference; lastKnownFileType = sourcecode.swift; path = AppointmentView.swift; sourceTree = "<group>"; };
		E35983512C2DA9AD00F2A61C /* CategoriesView.swift */ = {isa = PBXFileReference; fileEncoding = 4; lastKnownFileType = sourcecode.swift; path = CategoriesView.swift; sourceTree = "<group>"; };
		E35983532C2DA9F900F2A61C /* DatePicker.swift */ = {isa = PBXFileReference; fileEncoding = 4; lastKnownFileType = sourcecode.swift; path = DatePicker.swift; sourceTree = "<group>"; };
		E35983572C2DB47900F2A61C /* EcoView.swift */ = {isa = PBXFileReference; fileEncoding = 4; lastKnownFileType = sourcecode.swift; path = EcoView.swift; sourceTree = "<group>"; };
		E35983582C2DB47900F2A61C /* FavoriteView.swift */ = {isa = PBXFileReference; fileEncoding = 4; lastKnownFileType = sourcecode.swift; path = FavoriteView.swift; sourceTree = "<group>"; };
		E35983592C2DB47900F2A61C /* ProfileView.swift */ = {isa = PBXFileReference; fileEncoding = 4; lastKnownFileType = sourcecode.swift; path = ProfileView.swift; sourceTree = "<group>"; };
		E359835A2C2DB47900F2A61C /* StatView.swift */ = {isa = PBXFileReference; fileEncoding = 4; lastKnownFileType = sourcecode.swift; path = StatView.swift; sourceTree = "<group>"; };
		E35983602C2DB93500F2A61C /* ReparationListItemView.swift */ = {isa = PBXFileReference; fileEncoding = 4; lastKnownFileType = sourcecode.swift; path = ReparationListItemView.swift; sourceTree = "<group>"; };
		E35983612C2DB93500F2A61C /* ReparationView.swift */ = {isa = PBXFileReference; fileEncoding = 4; lastKnownFileType = sourcecode.swift; path = ReparationView.swift; sourceTree = "<group>"; };
		E3936E752C2E0C7400AEA85C /* ConfirmationView.swift */ = {isa = PBXFileReference; fileEncoding = 4; lastKnownFileType = sourcecode.swift; path = ConfirmationView.swift; sourceTree = "<group>"; };
		E3936E772C2E0C9C00AEA85C /* Text.swift */ = {isa = PBXFileReference; fileEncoding = 4; lastKnownFileType = sourcecode.swift; path = Text.swift; sourceTree = "<group>"; };
		E3D12E142C25B27E00890AD3 /* Repairman.swift */ = {isa = PBXFileReference; lastKnownFileType = sourcecode.swift; path = Repairman.swift; sourceTree = "<group>"; };
		E3D12E162C25B38A00890AD3 /* User.swift */ = {isa = PBXFileReference; lastKnownFileType = sourcecode.swift; path = User.swift; sourceTree = "<group>"; };
		E3D12E182C25B4EE00890AD3 /* ProductRepairs.swift */ = {isa = PBXFileReference; lastKnownFileType = sourcecode.swift; path = ProductRepairs.swift; sourceTree = "<group>"; };
		E3D12E1A2C25B64F00890AD3 /* RepairStatus.swift */ = {isa = PBXFileReference; lastKnownFileType = sourcecode.swift; path = RepairStatus.swift; sourceTree = "<group>"; };
		E3D12E1C2C25B72F00890AD3 /* TabBarModel.swift */ = {isa = PBXFileReference; lastKnownFileType = sourcecode.swift; path = TabBarModel.swift; sourceTree = "<group>"; };
		E3D12E1E2C25B7E700890AD3 /* ReparingCategory.swift */ = {isa = PBXFileReference; lastKnownFileType = sourcecode.swift; path = ReparingCategory.swift; sourceTree = "<group>"; };
		E3D12E202C25BB0400890AD3 /* ActionButton.swift */ = {isa = PBXFileReference; lastKnownFileType = sourcecode.swift; path = ActionButton.swift; sourceTree = "<group>"; };
		E3D12E2C2C25CE9E00890AD3 /* LandingPage.swift */ = {isa = PBXFileReference; lastKnownFileType = sourcecode.swift; path = LandingPage.swift; sourceTree = "<group>"; };
/* End PBXFileReference section */

/* Begin PBXFrameworksBuildPhase section */
		D98C49812C25A63E0010CA2D /* Frameworks */ = {
			isa = PBXFrameworksBuildPhase;
			buildActionMask = 2147483647;
			files = (
			);
			runOnlyForDeploymentPostprocessing = 0;
		};
/* End PBXFrameworksBuildPhase section */

/* Begin PBXGroup section */
		D98C497B2C25A63E0010CA2D = {
			isa = PBXGroup;
			children = (
				E3261F042C25DC0B0039DEA5 /* .gitattributes */,
				D98C49862C25A63E0010CA2D /* TechRvive */,
				D98C49852C25A63E0010CA2D /* Products */,
			);
			sourceTree = "<group>";
		};
		D98C49852C25A63E0010CA2D /* Products */ = {
			isa = PBXGroup;
			children = (
				D98C49842C25A63E0010CA2D /* TechRvive.app */,
			);
			name = Products;
			sourceTree = "<group>";
		};
		D98C49862C25A63E0010CA2D /* TechRvive */ = {
			isa = PBXGroup;
			children = (
				D98C49872C25A63E0010CA2D /* TechRviveApp.swift */,
				E3D12E222C25BCD600890AD3 /* Pages */,
				E3D12E132C25B23300890AD3 /* Model */,
				E352C3922C2B0A5E00587B0D /* Data */,
				D98C498B2C25A6400010CA2D /* Assets.xcassets */,
				D98C498D2C25A6400010CA2D /* Preview Content */,
			);
			path = TechRvive;
			sourceTree = "<group>";
		};
		D98C498D2C25A6400010CA2D /* Preview Content */ = {
			isa = PBXGroup;
			children = (
				D98C498E2C25A6400010CA2D /* Preview Assets.xcassets */,
			);
			path = "Preview Content";
			sourceTree = "<group>";
		};
		E34D0B992C29B134004E14D9 /* MapsView */ = {
			isa = PBXGroup;
			children = (
				E34D0B9A2C29B165004E14D9 /* MapView.swift */,
				E34D0B9E2C2AAE94004E14D9 /* InfoRepairmainView.swift */,
			);
			path = MapsView;
			sourceTree = "<group>";
		};
		E34D0BA22C2AB0E6004E14D9 /* Component */ = {
			isa = PBXGroup;
			children = (
				E34D0BA02C2AB0DB004E14D9 /* ComponentElements.swift */,
			);
			path = Component;
			sourceTree = "<group>";
		};
		E352C38C2C2B084500587B0D /* ReparationList */ = {
			isa = PBXGroup;
			children = (
				E352C38E2C2B09D200587B0D /* ReparationScheduledListView.swift */,
			);
			path = ReparationList;
			sourceTree = "<group>";
		};
		E352C38D2C2B092A00587B0D /* Views */ = {
			isa = PBXGroup;
			children = (
				E359835B2C2DB47900F2A61C /* Profile */,
				E35983632C2DB93500F2A61C /* Reparation */,
				E34D0B992C29B134004E14D9 /* MapsView */,
				E352C38C2C2B084500587B0D /* ReparationList */,
				E35983502C2DA99B00F2A61C /* Form */,
			);
			path = Views;
			sourceTree = "<group>";
		};
		E352C3922C2B0A5E00587B0D /* Data */ = {
			isa = PBXGroup;
			children = (
				E3936E772C2E0C9C00AEA85C /* Text.swift */,
				E352C3902C2B0A3100587B0D /* Data.swift */,
			);
			path = Data;
			sourceTree = "<group>";
		};
		E352C3992C2D554C00587B0D /* Appointment */ = {
			isa = PBXGroup;
			children = (
				E35983532C2DA9F900F2A61C /* DatePicker.swift */,
				E352C39A2C2D560B00587B0D /* AppointmentView.swift */,
				E35983512C2DA9AD00F2A61C /* CategoriesView.swift */,
			);
			path = Appointment;
			sourceTree = "<group>";
		};
		E35983502C2DA99B00F2A61C /* Form */ = {
			isa = PBXGroup;
			children = (
				E3936E752C2E0C7400AEA85C /* ConfirmationView.swift */,
				E352C3992C2D554C00587B0D /* Appointment */,
			);
			path = Form;
			sourceTree = "<group>";
		};
		E359835B2C2DB47900F2A61C /* Profile */ = {
			isa = PBXGroup;
			children = (
				E35983572C2DB47900F2A61C /* EcoView.swift */,
				E35983582C2DB47900F2A61C /* FavoriteView.swift */,
				E35983592C2DB47900F2A61C /* ProfileView.swift */,
				E359835A2C2DB47900F2A61C /* StatView.swift */,
			);
			path = Profile;
			sourceTree = "<group>";
		};
		E35983632C2DB93500F2A61C /* Reparation */ = {
			isa = PBXGroup;
			children = (
				E35983602C2DB93500F2A61C /* ReparationListItemView.swift */,
				E35983612C2DB93500F2A61C /* ReparationView.swift */,
			);
			path = Reparation;
			sourceTree = "<group>";
		};
		E3D12E132C25B23300890AD3 /* Model */ = {
			isa = PBXGroup;
			children = (
				E3D12E142C25B27E00890AD3 /* Repairman.swift */,
				E352C3952C2BFF7200587B0D /* SwiftUIViewTest.swift */,
				E352C3932C2B0FB500587B0D /* Repairmen.swift */,
				E3D12E1E2C25B7E700890AD3 /* ReparingCategory.swift */,
				E3D12E162C25B38A00890AD3 /* User.swift */,
				E3D12E182C25B4EE00890AD3 /* ProductRepairs.swift */,
				E3D12E1A2C25B64F00890AD3 /* RepairStatus.swift */,
				E3D12E202C25BB0400890AD3 /* ActionButton.swift */,
				E3D12E1C2C25B72F00890AD3 /* TabBarModel.swift */,
			);
			path = Model;
			sourceTree = "<group>";
		};
		E3D12E222C25BCD600890AD3 /* Pages */ = {
			isa = PBXGroup;
			children = (
				E3D12E2C2C25CE9E00890AD3 /* LandingPage.swift */,
				E34D0BA22C2AB0E6004E14D9 /* Component */,
				E352C38D2C2B092A00587B0D /* Views */,
			);
			path = Pages;
			sourceTree = "<group>";
		};
/* End PBXGroup section */

/* Begin PBXNativeTarget section */
		D98C49832C25A63E0010CA2D /* TechRvive */ = {
			isa = PBXNativeTarget;
			buildConfigurationList = D98C49922C25A6400010CA2D /* Build configuration list for PBXNativeTarget "TechRvive" */;
			buildPhases = (
				D98C49802C25A63E0010CA2D /* Sources */,
				D98C49812C25A63E0010CA2D /* Frameworks */,
				D98C49822C25A63E0010CA2D /* Resources */,
			);
			buildRules = (
			);
			dependencies = (
			);
			name = TechRvive;
			productName = TechRvive;
			productReference = D98C49842C25A63E0010CA2D /* TechRvive.app */;
			productType = "com.apple.product-type.application";
		};
/* End PBXNativeTarget section */

/* Begin PBXProject section */
		D98C497C2C25A63E0010CA2D /* Project object */ = {
			isa = PBXProject;
			attributes = {
				BuildIndependentTargetsInParallel = 1;
				LastSwiftUpdateCheck = 1540;
				LastUpgradeCheck = 1540;
				TargetAttributes = {
					D98C49832C25A63E0010CA2D = {
						CreatedOnToolsVersion = 15.4;
					};
				};
			};
			buildConfigurationList = D98C497F2C25A63E0010CA2D /* Build configuration list for PBXProject "TechRvive" */;
			compatibilityVersion = "Xcode 14.0";
			developmentRegion = en;
			hasScannedForEncodings = 0;
			knownRegions = (
				en,
				Base,
			);
			mainGroup = D98C497B2C25A63E0010CA2D;
			productRefGroup = D98C49852C25A63E0010CA2D /* Products */;
			projectDirPath = "";
			projectRoot = "";
			targets = (
				D98C49832C25A63E0010CA2D /* TechRvive */,
			);
		};
/* End PBXProject section */

/* Begin PBXResourcesBuildPhase section */
		D98C49822C25A63E0010CA2D /* Resources */ = {
			isa = PBXResourcesBuildPhase;
			buildActionMask = 2147483647;
			files = (
				D98C498F2C25A6400010CA2D /* Preview Assets.xcassets in Resources */,
				E3261F052C25DC0B0039DEA5 /* .gitattributes in Resources */,
				D98C498C2C25A6400010CA2D /* Assets.xcassets in Resources */,
			);
			runOnlyForDeploymentPostprocessing = 0;
		};
/* End PBXResourcesBuildPhase section */

/* Begin PBXSourcesBuildPhase section */
		D98C49802C25A63E0010CA2D /* Sources */ = {
			isa = PBXSourcesBuildPhase;
			buildActionMask = 2147483647;
			files = (
				E3D12E172C25B38A00890AD3 /* User.swift in Sources */,
				E3936E762C2E0C7400AEA85C /* ConfirmationView.swift in Sources */,
				E352C3942C2B0FB500587B0D /* Repairmen.swift in Sources */,
				E3D12E192C25B4EE00890AD3 /* ProductRepairs.swift in Sources */,
				E352C38F2C2B09D200587B0D /* ReparationScheduledListView.swift in Sources */,
				E3D12E2D2C25CE9E00890AD3 /* LandingPage.swift in Sources */,
				E34D0B9B2C29B165004E14D9 /* MapView.swift in Sources */,
				E359835E2C2DB47900F2A61C /* ProfileView.swift in Sources */,
				E35983542C2DA9F900F2A61C /* DatePicker.swift in Sources */,
				E3D12E152C25B27E00890AD3 /* Repairman.swift in Sources */,
				E35983522C2DA9AD00F2A61C /* CategoriesView.swift in Sources */,
				E35983652C2DB93500F2A61C /* ReparationView.swift in Sources */,
				E3D12E1B2C25B64F00890AD3 /* RepairStatus.swift in Sources */,
				E352C39B2C2D560B00587B0D /* AppointmentView.swift in Sources */,
				E359835C2C2DB47900F2A61C /* EcoView.swift in Sources */,
				E35983642C2DB93500F2A61C /* ReparationListItemView.swift in Sources */,
				E3D12E212C25BB0400890AD3 /* ActionButton.swift in Sources */,
				E359835D2C2DB47900F2A61C /* FavoriteView.swift in Sources */,
				E359835F2C2DB47900F2A61C /* StatView.swift in Sources */,
				E34D0B9F2C2AAE94004E14D9 /* InfoRepairmainView.swift in Sources */,
				E352C3962C2BFF7200587B0D /* SwiftUIViewTest.swift in Sources */,
				E3D12E1D2C25B72F00890AD3 /* TabBarModel.swift in Sources */,
				E3936E782C2E0C9C00AEA85C /* Text.swift in Sources */,
				E352C3912C2B0A3100587B0D /* Data.swift in Sources */,
				D98C49882C25A63E0010CA2D /* TechRviveApp.swift in Sources */,
				E3D12E1F2C25B7E700890AD3 /* ReparingCategory.swift in Sources */,
				E34D0BA12C2AB0DB004E14D9 /* ComponentElements.swift in Sources */,
			);
			runOnlyForDeploymentPostprocessing = 0;
		};
/* End PBXSourcesBuildPhase section */

/* Begin XCBuildConfiguration section */
		D98C49902C25A6400010CA2D /* Debug */ = {
			isa = XCBuildConfiguration;
			buildSettings = {
				ALWAYS_SEARCH_USER_PATHS = NO;
				ASSETCATALOG_COMPILER_GENERATE_SWIFT_ASSET_SYMBOL_EXTENSIONS = YES;
				CLANG_ANALYZER_NONNULL = YES;
				CLANG_ANALYZER_NUMBER_OBJECT_CONVERSION = YES_AGGRESSIVE;
				CLANG_CXX_LANGUAGE_STANDARD = "gnu++20";
				CLANG_ENABLE_MODULES = YES;
				CLANG_ENABLE_OBJC_ARC = YES;
				CLANG_ENABLE_OBJC_WEAK = YES;
				CLANG_WARN_BLOCK_CAPTURE_AUTORELEASING = YES;
				CLANG_WARN_BOOL_CONVERSION = YES;
				CLANG_WARN_COMMA = YES;
				CLANG_WARN_CONSTANT_CONVERSION = YES;
				CLANG_WARN_DEPRECATED_OBJC_IMPLEMENTATIONS = YES;
				CLANG_WARN_DIRECT_OBJC_ISA_USAGE = YES_ERROR;
				CLANG_WARN_DOCUMENTATION_COMMENTS = YES;
				CLANG_WARN_EMPTY_BODY = YES;
				CLANG_WARN_ENUM_CONVERSION = YES;
				CLANG_WARN_INFINITE_RECURSION = YES;
				CLANG_WARN_INT_CONVERSION = YES;
				CLANG_WARN_NON_LITERAL_NULL_CONVERSION = YES;
				CLANG_WARN_OBJC_IMPLICIT_RETAIN_SELF = YES;
				CLANG_WARN_OBJC_LITERAL_CONVERSION = YES;
				CLANG_WARN_OBJC_ROOT_CLASS = YES_ERROR;
				CLANG_WARN_QUOTED_INCLUDE_IN_FRAMEWORK_HEADER = YES;
				CLANG_WARN_RANGE_LOOP_ANALYSIS = YES;
				CLANG_WARN_STRICT_PROTOTYPES = YES;
				CLANG_WARN_SUSPICIOUS_MOVE = YES;
				CLANG_WARN_UNGUARDED_AVAILABILITY = YES_AGGRESSIVE;
				CLANG_WARN_UNREACHABLE_CODE = YES;
				CLANG_WARN__DUPLICATE_METHOD_MATCH = YES;
				COPY_PHASE_STRIP = NO;
				DEBUG_INFORMATION_FORMAT = dwarf;
				ENABLE_STRICT_OBJC_MSGSEND = YES;
				ENABLE_TESTABILITY = YES;
				ENABLE_USER_SCRIPT_SANDBOXING = YES;
				GCC_C_LANGUAGE_STANDARD = gnu17;
				GCC_DYNAMIC_NO_PIC = NO;
				GCC_NO_COMMON_BLOCKS = YES;
				GCC_OPTIMIZATION_LEVEL = 0;
				GCC_PREPROCESSOR_DEFINITIONS = (
					"DEBUG=1",
					"$(inherited)",
				);
				GCC_WARN_64_TO_32_BIT_CONVERSION = YES;
				GCC_WARN_ABOUT_RETURN_TYPE = YES_ERROR;
				GCC_WARN_UNDECLARED_SELECTOR = YES;
				GCC_WARN_UNINITIALIZED_AUTOS = YES_AGGRESSIVE;
				GCC_WARN_UNUSED_FUNCTION = YES;
				GCC_WARN_UNUSED_VARIABLE = YES;
				IPHONEOS_DEPLOYMENT_TARGET = 17.5;
				LOCALIZATION_PREFERS_STRING_CATALOGS = YES;
				MTL_ENABLE_DEBUG_INFO = INCLUDE_SOURCE;
				MTL_FAST_MATH = YES;
				ONLY_ACTIVE_ARCH = YES;
				SDKROOT = iphoneos;
				SWIFT_ACTIVE_COMPILATION_CONDITIONS = "DEBUG $(inherited)";
				SWIFT_OPTIMIZATION_LEVEL = "-Onone";
			};
			name = Debug;
		};
		D98C49912C25A6400010CA2D /* Release */ = {
			isa = XCBuildConfiguration;
			buildSettings = {
				ALWAYS_SEARCH_USER_PATHS = NO;
				ASSETCATALOG_COMPILER_GENERATE_SWIFT_ASSET_SYMBOL_EXTENSIONS = YES;
				CLANG_ANALYZER_NONNULL = YES;
				CLANG_ANALYZER_NUMBER_OBJECT_CONVERSION = YES_AGGRESSIVE;
				CLANG_CXX_LANGUAGE_STANDARD = "gnu++20";
				CLANG_ENABLE_MODULES = YES;
				CLANG_ENABLE_OBJC_ARC = YES;
				CLANG_ENABLE_OBJC_WEAK = YES;
				CLANG_WARN_BLOCK_CAPTURE_AUTORELEASING = YES;
				CLANG_WARN_BOOL_CONVERSION = YES;
				CLANG_WARN_COMMA = YES;
				CLANG_WARN_CONSTANT_CONVERSION = YES;
				CLANG_WARN_DEPRECATED_OBJC_IMPLEMENTATIONS = YES;
				CLANG_WARN_DIRECT_OBJC_ISA_USAGE = YES_ERROR;
				CLANG_WARN_DOCUMENTATION_COMMENTS = YES;
				CLANG_WARN_EMPTY_BODY = YES;
				CLANG_WARN_ENUM_CONVERSION = YES;
				CLANG_WARN_INFINITE_RECURSION = YES;
				CLANG_WARN_INT_CONVERSION = YES;
				CLANG_WARN_NON_LITERAL_NULL_CONVERSION = YES;
				CLANG_WARN_OBJC_IMPLICIT_RETAIN_SELF = YES;
				CLANG_WARN_OBJC_LITERAL_CONVERSION = YES;
				CLANG_WARN_OBJC_ROOT_CLASS = YES_ERROR;
				CLANG_WARN_QUOTED_INCLUDE_IN_FRAMEWORK_HEADER = YES;
				CLANG_WARN_RANGE_LOOP_ANALYSIS = YES;
				CLANG_WARN_STRICT_PROTOTYPES = YES;
				CLANG_WARN_SUSPICIOUS_MOVE = YES;
				CLANG_WARN_UNGUARDED_AVAILABILITY = YES_AGGRESSIVE;
				CLANG_WARN_UNREACHABLE_CODE = YES;
				CLANG_WARN__DUPLICATE_METHOD_MATCH = YES;
				COPY_PHASE_STRIP = NO;
				DEBUG_INFORMATION_FORMAT = "dwarf-with-dsym";
				ENABLE_NS_ASSERTIONS = NO;
				ENABLE_STRICT_OBJC_MSGSEND = YES;
				ENABLE_USER_SCRIPT_SANDBOXING = YES;
				GCC_C_LANGUAGE_STANDARD = gnu17;
				GCC_NO_COMMON_BLOCKS = YES;
				GCC_WARN_64_TO_32_BIT_CONVERSION = YES;
				GCC_WARN_ABOUT_RETURN_TYPE = YES_ERROR;
				GCC_WARN_UNDECLARED_SELECTOR = YES;
				GCC_WARN_UNINITIALIZED_AUTOS = YES_AGGRESSIVE;
				GCC_WARN_UNUSED_FUNCTION = YES;
				GCC_WARN_UNUSED_VARIABLE = YES;
				IPHONEOS_DEPLOYMENT_TARGET = 17.5;
				LOCALIZATION_PREFERS_STRING_CATALOGS = YES;
				MTL_ENABLE_DEBUG_INFO = NO;
				MTL_FAST_MATH = YES;
				SDKROOT = iphoneos;
				SWIFT_COMPILATION_MODE = wholemodule;
				VALIDATE_PRODUCT = YES;
			};
			name = Release;
		};
		D98C49932C25A6400010CA2D /* Debug */ = {
			isa = XCBuildConfiguration;
			buildSettings = {
				ASSETCATALOG_COMPILER_APPICON_NAME = AppIcon;
				ASSETCATALOG_COMPILER_GLOBAL_ACCENT_COLOR_NAME = AccentColor;
				CODE_SIGN_STYLE = Automatic;
				CURRENT_PROJECT_VERSION = 1;
				DEVELOPMENT_ASSET_PATHS = "\"TechRvive/Preview Content\"";
				ENABLE_PREVIEWS = YES;
				GENERATE_INFOPLIST_FILE = YES;
				INFOPLIST_KEY_NSLocationWhenInUseUsageDescription = "Nous avons besoin de votre localisation pour trouver des réparateur près de vous";
				INFOPLIST_KEY_UIApplicationSceneManifest_Generation = YES;
				INFOPLIST_KEY_UIApplicationSupportsIndirectInputEvents = YES;
				INFOPLIST_KEY_UILaunchScreen_Generation = YES;
				INFOPLIST_KEY_UISupportedInterfaceOrientations_iPad = "UIInterfaceOrientationPortrait UIInterfaceOrientationPortraitUpsideDown UIInterfaceOrientationLandscapeLeft UIInterfaceOrientationLandscapeRight";
				INFOPLIST_KEY_UISupportedInterfaceOrientations_iPhone = "UIInterfaceOrientationPortrait UIInterfaceOrientationLandscapeLeft UIInterfaceOrientationLandscapeRight";
				LD_RUNPATH_SEARCH_PATHS = (
					"$(inherited)",
					"@executable_path/Frameworks",
				);
				MARKETING_VERSION = 1.0;
				PRODUCT_BUNDLE_IDENTIFIER = cosa.team.TechRvive;
				PRODUCT_NAME = "$(TARGET_NAME)";
				SWIFT_EMIT_LOC_STRINGS = YES;
				SWIFT_VERSION = 5.0;
				TARGETED_DEVICE_FAMILY = "1,2";
			};
			name = Debug;
		};
		D98C49942C25A6400010CA2D /* Release */ = {
			isa = XCBuildConfiguration;
			buildSettings = {
				ASSETCATALOG_COMPILER_APPICON_NAME = AppIcon;
				ASSETCATALOG_COMPILER_GLOBAL_ACCENT_COLOR_NAME = AccentColor;
				CODE_SIGN_STYLE = Automatic;
				CURRENT_PROJECT_VERSION = 1;
				DEVELOPMENT_ASSET_PATHS = "\"TechRvive/Preview Content\"";
				ENABLE_PREVIEWS = YES;
				GENERATE_INFOPLIST_FILE = YES;
				INFOPLIST_KEY_NSLocationWhenInUseUsageDescription = "Nous avons besoin de votre localisation pour trouver des réparateur près de vous";
				INFOPLIST_KEY_UIApplicationSceneManifest_Generation = YES;
				INFOPLIST_KEY_UIApplicationSupportsIndirectInputEvents = YES;
				INFOPLIST_KEY_UILaunchScreen_Generation = YES;
				INFOPLIST_KEY_UISupportedInterfaceOrientations_iPad = "UIInterfaceOrientationPortrait UIInterfaceOrientationPortraitUpsideDown UIInterfaceOrientationLandscapeLeft UIInterfaceOrientationLandscapeRight";
				INFOPLIST_KEY_UISupportedInterfaceOrientations_iPhone = "UIInterfaceOrientationPortrait UIInterfaceOrientationLandscapeLeft UIInterfaceOrientationLandscapeRight";
				LD_RUNPATH_SEARCH_PATHS = (
					"$(inherited)",
					"@executable_path/Frameworks",
				);
				MARKETING_VERSION = 1.0;
				PRODUCT_BUNDLE_IDENTIFIER = cosa.team.TechRvive;
				PRODUCT_NAME = "$(TARGET_NAME)";
				SWIFT_EMIT_LOC_STRINGS = YES;
				SWIFT_VERSION = 5.0;
				TARGETED_DEVICE_FAMILY = "1,2";
			};
			name = Release;
		};
/* End XCBuildConfiguration section */

/* Begin XCConfigurationList section */
		D98C497F2C25A63E0010CA2D /* Build configuration list for PBXProject "TechRvive" */ = {
			isa = XCConfigurationList;
			buildConfigurations = (
				D98C49902C25A6400010CA2D /* Debug */,
				D98C49912C25A6400010CA2D /* Release */,
			);
			defaultConfigurationIsVisible = 0;
			defaultConfigurationName = Release;
		};
		D98C49922C25A6400010CA2D /* Build configuration list for PBXNativeTarget "TechRvive" */ = {
			isa = XCConfigurationList;
			buildConfigurations = (
				D98C49932C25A6400010CA2D /* Debug */,
				D98C49942C25A6400010CA2D /* Release */,
			);
			defaultConfigurationIsVisible = 0;
			defaultConfigurationName = Release;
		};
/* End XCConfigurationList section */
	};
	rootObject = D98C497C2C25A63E0010CA2D /* Project object */;
}
